version = 1
revision = 3
requires-python = ">=3.13"
required-markers = [
    "platform_machine == 'x86_64' and sys_platform == 'linux'",
    "platform_machine == 'arm64' and sys_platform == 'darwin'",
]

[[package]]
name = "cfgv"
version = "3.4.0"
source = { registry = "https://pypi.org/simple" }
sdist = { url = "https://files.pythonhosted.org/packages/11/74/539e56497d9bd1d484fd863dd69cbbfa653cd2aa27abfe35653494d85e94/cfgv-3.4.0.tar.gz", hash = "sha256:e52591d4c5f5dead8e0f673fb16db7949d2cfb3f7da4582893288f0ded8fe560", size = 7114, upload-time = "2023-08-12T20:38:17.776Z" }
wheels = [
    { url = "https://files.pythonhosted.org/packages/c5/55/51844dd50c4fc7a33b653bfaba4c2456f06955289ca770a5dbd5fd267374/cfgv-3.4.0-py2.py3-none-any.whl", hash = "sha256:b7265b1f29fd3316bfcd2b330d63d024f2bfd8bcb8b0272f8e19a504856c48f9", size = 7249, upload-time = "2023-08-12T20:38:16.269Z" },
]

[[package]]
name = "distlib"
version = "0.3.9"
source = { registry = "https://pypi.org/simple" }
sdist = { url = "https://files.pythonhosted.org/packages/0d/dd/1bec4c5ddb504ca60fc29472f3d27e8d4da1257a854e1d96742f15c1d02d/distlib-0.3.9.tar.gz", hash = "sha256:a60f20dea646b8a33f3e7772f74dc0b2d0772d2837ee1342a00645c81edf9403", size = 613923, upload-time = "2024-10-09T18:35:47.551Z" }
wheels = [
    { url = "https://files.pythonhosted.org/packages/91/a1/cf2472db20f7ce4a6be1253a81cfdf85ad9c7885ffbed7047fb72c24cf87/distlib-0.3.9-py2.py3-none-any.whl", hash = "sha256:47f8c22fd27c27e25a65601af709b38e4f0a45ea4fc2e710f65755fa8caaaf87", size = 468973, upload-time = "2024-10-09T18:35:44.272Z" },
]

[[package]]
name = "dot-claude"
version = "0.1.0"
source = { virtual = "." }
dependencies = [
    { name = "pre-commit" },
]

[package.dev-dependencies]
dev = [
    { name = "ruff" },
    { name = "ty" },
]

[package.metadata]
requires-dist = [{ name = "pre-commit", specifier = "==4.6.2" }]

[package.metadata.requires-dev]
dev = [
    { name = "ruff", specifier = "==0.16.3" },
    { name = "ty", specifier = "==0.0.71" },
]

[[package]]
name = "filelock"
version = "3.18.0"
source = { registry = "https://pypi.org/simple" }
sdist = { url = "https://files.pythonhosted.org/packages/0a/10/c23352565a6544bdc5353e0b15fc1c563352101f30e24bf500207a54df9a/filelock-3.18.0.tar.gz", hash = "sha256:adbc88eabb99d2fec8c9c1b229b171f18afa655400173ddc653d5d01501fb9f2", size = 18075, upload-time = "2025-03-14T07:11:40.47Z" }
wheels = [
    { url = "https://files.pythonhosted.org/packages/4d/36/2a115987e2d8c300a974597416d9de88f2444426de9571f4b59b2cca3acc/filelock-3.18.0-py3-none-any.whl", hash = "sha256:c401f4f8377c4464e6db25fff06205fd89bdd83b65eb0488ed1b160f780e21de", size = 16215, upload-time = "2025-03-14T07:11:39.145Z" },
]

[[package]]
name = "identify"
version = "2.6.12"
source = { registry = "https://pypi.org/simple" }
sdist = { url = "https://files.pythonhosted.org/packages/a2/88/d193a27416618628a5eea64e3223acd800b40749a96ffb322a9b55a49ed1/identify-2.6.12.tar.gz", hash = "sha256:d8de45749f1efb108badef65ee8386f0f7bb19a7f26185f74de6367bffbaf0e6", size = 99254, upload-time = "2025-05-23T20:37:53.3Z" }
wheels = [
    { url = "https://files.pythonhosted.org/packages/7a/cd/18f8da995b658420625f7ef13f037be53ae04ec5ad33f9b718240dcfd48c/identify-2.6.12-py2.py3-none-any.whl", hash = "sha256:ad9672d5a72e0d2ff7c5c8809b62dfa60458626352fb0eb7b55e69bdc45334a2", size = 99145, upload-time = "2025-05-23T20:37:51.495Z" },
]

[[package]]
name = "nodeenv"
version = "1.9.1"
source = { registry = "https://pypi.org/simple" }
sdist = { url = "https://files.pythonhosted.org/packages/43/16/fc88b08840de0e0a72a2f9d8c6bae36be573e475a6326ae854bcc549fc45/nodeenv-1.9.1.tar.gz", hash = "sha256:6ec12890a2dab7946721edbfbcd91f3319c6ccc9aec47be7c7e6b7011ee6645f", size = 47437, upload-time = "2024-06-04T18:44:11.171Z" }
wheels = [
    { url = "https://files.pythonhosted.org/packages/d2/1d/1b658dbd2b9fa9c4c9f32accbfc0205d532c8c6194dc0f2a4c0428e7128a/nodeenv-1.9.1-py2.py3-none-any.whl", hash = "sha256:ba11c9782d29c27c70ffbdda2d7415098754709be8a7056d79a737cd901155c9", size = 22314, upload-time = "2024-06-04T18:44:08.352Z" },
]

[[package]]
name = "platformdirs"
version = "4.3.8"
source = { registry = "https://pypi.org/simple" }
sdist = { url = "https://files.pythonhosted.org/packages/fe/8b/3c73abc9c759ecd3f1f7ceff6685840859e8070c4d947c93fae71f6a0bf2/platformdirs-4.3.8.tar.gz", hash = "sha256:3d512d96e16bcb959a814c9f348431070822a6496326a4be0911c40b5a74c2bc", size = 21362, upload-time = "2025-05-07T22:47:42.121Z" }
wheels = [
    { url = "https://files.pythonhosted.org/packages/fe/39/979e8e21520d4e47a0bbe349e2713c0aac6f3d853d0e5b34d76206c439aa/platformdirs-4.3.8-py3-none-any.whl", hash = "sha256:ff7059bb7eb1179e2685604f4aaf157cfd9535242bd23742eadc3c13542139b4", size = 18567, upload-time = "2025-05-07T22:47:40.376Z" },
]

[[package]]
name = "pre-commit"
version = "4.6.2"
source = { registry = "https://pypi.org/simple" }
dependencies = [
    { name = "cfgv" },
    { name = "identify" },
    { name = "nodeenv" },
    { name = "pyyaml" },
    { name = "virtualenv" },
]
sdist = { url = "https://files.pythonhosted.org/packages/74/89/1f3e8e1fc3e97de0fa963495832f581f025f29471602a309e48808244292/pre_commit-4.6.2.tar.gz", hash = "sha256:8f5d7bfb021ecdbcd9d49d89847082dd24172ccde534390081a679ad046e2441", size = 198670, upload-time = "2026-08-10T22:07:18.421Z" }
wheels = [
    { url = "https://files.pythonhosted.org/packages/45/e2/bbb7129c9e7999a6b8ee9cca3b66486c25c423ab5a75f34071798b74ce94/pre_commit-4.6.2-py2.py3-none-any.whl", hash = "sha256:e2dde9a75d3bce11bd3831c26d134df00a2803c1d818be6a0383c3dcda25dc4e", size = 226202, upload-time = "2026-08-10T22:07:16.942Z" },
]

[[package]]
name = "pyyaml"
version = "6.0.2"
source = { registry = "https://pypi.org/simple" }
sdist = { url = "https://files.pythonhosted.org/packages/54/ed/79a089b6be93607fa5cdaedf301d7dfb23af5f25c398d5ead2525b063e17/pyyaml-6.0.2.tar.gz", hash = "sha256:d584d9ec91ad65861cc08d42e834324ef890a082e591037abe114850ff7bbc3e", size = 130631, upload-time = "2024-08-06T20:33:50.674Z" }
wheels = [
    { url = "https://files.pythonhosted.org/packages/ef/e3/3af305b830494fa85d95f6d95ef7fa73f2ee1cc8ef5b495c7c3269fb835f/PyYAML-6.0.2-cp313-cp313-macosx_10_13_x86_64.whl", hash = "sha256:efdca5630322a10774e8e98e1af481aad470dd62c3170801852d752aa7a783ba", size = 181309, upload-time = "2024-08-06T20:32:43.4Z" },
    { url = "https://files.pythonhosted.org/packages/45/9f/3b1c20a0b7a3200524eb0076cc027a970d320bd3a6592873c85c92a08731/PyYAML-6.0.2-cp313-cp313-macosx_11_0_arm64.whl", hash = "sha256:50187695423ffe49e2deacb8cd10510bc361faac997de9efef88badc3bb9e2d1", size = 171679, upload-time = "2024-08-06T20:32:44.801Z" },
    { url = "https://files.pythonhosted.org/packages/7c/9a/337322f27005c33bcb656c655fa78325b730324c78620e8328ae28b64d0c/PyYAML-6.0.2-cp313-cp313-manylinux_2_17_aarch64.manylinux2014_aarch64.whl", hash = "sha256:0ffe8360bab4910ef1b9e87fb812d8bc0a308b0d0eef8c8f44e0254ab3b07133", size = 733428, upload-time = "2024-08-06T20:32:46.432Z" },
    { url = "https://files.pythonhosted.org/packages/a3/69/864fbe19e6c18ea3cc196cbe5d392175b4cf3d5d0ac1403ec3f2d237ebb5/PyYAML-6.0.2-cp313-cp313-manylinux_2_17_s390x.manylinux2014_s390x.whl", hash = "sha256:17e311b6c678207928d649faa7cb0d7b4c26a0ba73d41e99c4fff6b6c3276484", size = 763361, upload-time = "2024-08-06T20:32:51.188Z" },
    { url = "https://files.pythonhosted.org/packages/04/24/b7721e4845c2f162d26f50521b825fb061bc0a5afcf9a386840f23ea19fa/PyYAML-6.0.2-cp313-cp313-manylinux_2_17_x86_64.manylinux2014_x86_64.whl", hash = "sha256:70b189594dbe54f75ab3a1acec5f1e3faa7e8cf2f1e08d9b561cb41b845f69d5", size = 759523, upload-time = "2024-08-06T20:32:53.019Z" },
    { url = "https://files.pythonhosted.org/packages/2b/b2/e3234f59ba06559c6ff63c4e10baea10e5e7df868092bf9ab40e5b9c56b6/PyYAML-6.0.2-cp313-cp313-musllinux_1_1_aarch64.whl", hash = "sha256:41e4e3953a79407c794916fa277a82531dd93aad34e29c2a514c2c0c5fe971cc", size = 726660, upload-time = "2024-08-06T20:32:54.708Z" },
    { url = "https://files.pythonhosted.org/packages/fe/0f/25911a9f080464c59fab9027482f822b86bf0608957a5fcc6eaac85aa515/PyYAML-6.0.2-cp313-cp313-musllinux_1_1_x86_64.whl", hash = "sha256:68ccc6023a3400877818152ad9a1033e3db8625d899c72eacb5a668902e4d652", size = 751597, upload-time = "2024-08-06T20:32:56.985Z" },
    { url = "https://files.pythonhosted.org/packages/14/0d/e2c3b43bbce3cf6bd97c840b46088a3031085179e596d4929729d8d68270/PyYAML-6.0.2-cp313-cp313-win32.whl", hash = "sha256:bc2fa7c6b47d6bc618dd7fb02ef6fdedb1090ec036abab80d4681424b84c1183", size = 140527, upload-time = "2024-08-06T20:33:03.001Z" },
    { url = "https://files.pythonhosted.org/packages/fa/de/02b54f42487e3d3c6efb3f89428677074ca7bf43aae402517bc7cca949f3/PyYAML-6.0.2-cp313-cp313-win_amd64.whl", hash = "sha256:8388ee1976c416731879ac16da0aff3f63b286ffdd57cdeb95f3f2e085687563", size = 156446, upload-time = "2024-08-06T20:33:04.33Z" },
]

[[package]]
name = "ruff"
version = "0.16.3"
source = { registry = "https://pypi.org/simple" }
sdist = { url = "https://files.pythonhosted.org/packages/61/b3/3213589383f8f1b3938781bd1278713f6d18621a14992b3e81fefb8a5ef9/ruff-0.16.3.tar.gz", hash = "sha256:e76d33a347661a84b5be6d043d0347fdc745dfdcf825a8f4fed64b5e26eebdf2", size = 4891904, upload-time = "2026-08-13T15:17:13.381Z" }
wheels = [
    { url = "https://files.pythonhosted.org/packages/bf/96/493770daebd68c0a67f1549fdf519f53be51fc435186c0585bcc272fd76c/ruff-0.16.3-py3-none-linux_armv6l.whl", hash = "sha256:0c5710e247a58a4521e66e124ba9a74655b414f61ba3a2e9e3811e11098f48f7", size = 10902799, upload-time = "2026-08-13T15:16:27.382Z" },
    { url = "https://files.pythonhosted.org/packages/5e/e6/2becf3942fddc29a29b8df47691d456fb1085391a694f74d84513251418c/ruff-0.16.3-py3-none-macosx_10_12_x86_64.whl", hash = "sha256:fe155130631a2471fd2e14a7a664a4dfbd7194b8229c3d7b2a40b21178639081", size = 11135539, upload-time = "2026-08-13T15:16:30.87Z" },
    { url = "https://files.pythonhosted.org/packages/3e/1e/4b8b72f0d006dbf19326aa99f9ca0ee2ff374187c4d301cf529a51aa06fe/ruff-0.16.3-py3-none-macosx_11_0_arm64.whl", hash = "sha256:e2ed719e14aa64d895c2ee922594a90a43c861a93f0575a95ff8c47cdbd13eb9", size = 10475095, upload-time = "2026-08-13T15:16:33.259Z" },
    { url = "https://files.pythonhosted.org/packages/92/32/2201fa49ba1f6c101ee321e83f051ac7a4b8d07b0ef6b4d3f2772b302275/ruff-0.16.3-py3-none-manylinux_2_17_aarch64.manylinux2014_aarch64.whl", hash = "sha256:9e0b1da805eb043654645d74d5de1e5ce2edc686e40790d2b86f56d71cc06a84", size = 10668771, upload-time = "2026-08-13T15:16:35.65Z" },
    { url = "https://files.pythonhosted.org/packages/c3/66/4afc5c8363bd04d45effce1b7c8713ca037d7a6740b7451a2403a6e3a972/ruff-0.16.3-py3-none-manylinux_2_17_armv7l.manylinux2014_armv7l.whl", hash = "sha256:a37bdea0bbe21780f590bf437d6412c8c4e1b6cd010f91a65c2c40c5e5f5f870", size = 10699568, upload-time = "2026-08-13T15:16:38.195Z" },
    { url = "https://files.pythonhosted.org/packages/53/fd/c67d246bf36bf1698551c56de39e95cd07f70e64433e0098e6267d77061b/ruff-0.16.3-py3-none-manylinux_2_17_i686.manylinux2014_i686.whl", hash = "sha256:09571e6d1288ed9be475207a3ac04ada404f1cd898104be0f6ab8d7df438575b", size = 11499365, upload-time = "2026-08-13T15:16:40.623Z" },
    { url = "https://files.pythonhosted.org/packages/67/0b/00ecbceb99a263af7b12f6f05ac3c92bc47b905e91adc3f207a836e3bc01/ruff-0.16.3-py3-none-manylinux_2_17_ppc64le.manylinux2014_ppc64le.whl", hash = "sha256:2c18c5a101eb540010638cc1ff3c84944d3adb3df62b8d98ca8f22ba484d3413", size = 12311728, upload-time = "2026-08-13T15:16:43.564Z" },
    { url = "https://files.pythonhosted.org/packages/54/b2/b7b3bb54f4d3f7db504e476ad4ab8de530dceebe2c061384b2757ee419e8/ruff-0.16.3-py3-none-manylinux_2_17_s390x.manylinux2014_s390x.whl", hash = "sha256:8457c44f15033c85ddbb77b15d451df9e24e4bd03b628396dd3610cedc3b8f82", size = 11699896, upload-time = "2026-08-13T15:16:46.209Z" },
    { url = "https://files.pythonhosted.org/packages/c7/30/4c468429ac195addc5ee1b717b6ab1b66632786737ca3b2ed3443fb0c26a/ruff-0.16.3-py3-none-manylinux_2_17_x86_64.manylinux2014_x86_64.whl", hash = "sha256:294b95c4ae0cda9388525c2047778aa758d6b8d4bb876fd4e9eaa3ebc92343eb", size = 11058736, upload-time = "2026-08-13T15:16:48.823Z" },
    { url = "https://files.pythonhosted.org/packages/43/67/7a113cdaddf24b64d7f75b1242a99d04c82fcef4f6921fdbb832beaffb5f/ruff-0.16.3-py3-none-manylinux_2_31_riscv64.whl", hash = "sha256:3d0c7c40c87c2a820509c31ba007968da6e1306468c067b2d82fbfdbcd0e8474", size = 11586911, upload-time = "2026-08-13T15:16:51.913Z" },
    { url = "https://files.pythonhosted.org/packages/f1/c1/2e66f24c0f3ead25a5e660111778685e505e5da353c82802bf49f0cbe7b9/ruff-0.16.3-py3-none-musllinux_1_2_aarch64.whl", hash = "sha256:9f738c0fdfa8eed0b2ce7fb27ee7258208a92a68d7949e62aa15164bc7b389da", size = 10954265, upload-time = "2026-08-13T15:16:54.763Z" },
    { url = "https://files.pythonhosted.org/packages/c2/ba/4cee23bf52cba9a058d3726de623624daf50ef9638868edd86f4126157f6/ruff-0.16.3-py3-none-musllinux_1_2_armv7l.whl", hash = "sha256:fb785f0be25abe69d320415cd4f833b59e17ba7613d9ba6a958023b6bceb0a50", size = 10709886, upload-time = "2026-08-13T15:16:57.339Z" },
    { url = "https://files.pythonhosted.org/packages/82/df/7da7194fa5d9dc0a285f7e6fa5a4722e7c63faac0b45b614ded9314363a1/ruff-0.16.3-py3-none-musllinux_1_2_i686.whl", hash = "sha256:c5536e3acfbf9563085aa2be7b13c629c3077e902afc5b941ac44024dbb9f506", size = 11210392, upload-time = "2026-08-13T15:17:00.171Z" },
    { url = "https://files.pythonhosted.org/packages/35/85/7795f6e817af050e7517bf3e7aa9b061cce70ef33d280aad902c956c1ecf/ruff-0.16.3-py3-none-musllinux_1_2_x86_64.whl", hash = "sha256:a2d85c02f9b8e165d85e6779184d38c4132de12603dab59c51c28e22584f9e4d", size = 11626910, upload-time = "2026-08-13T15:17:03.299Z" },
    { url = "https://files.pythonhosted.org/packages/78/9b/475b927cf27a5cbbda3c7bafb69ed6ff77e1d7923d5d85f17c2749d7ae32/ruff-0.16.3-py3-none-win32.whl", hash = "sha256:388cdf2166642bd9b13d52b5932d3170f34f8abed7e8d9a855f1d84b83645a0a", size = 10931415, upload-time = "2026-08-13T15:17:05.726Z" },
    { url = "https://files.pythonhosted.org/packages/b2/99/e2a2bfc4fbf0a1e8a916bc9ebe6fe6c58cc34c28e0ffc6ce281d572d1c2e/ruff-0.16.3-py3-none-win_amd64.whl", hash = "sha256:e80a7d69ca2a6d1c4d352ec91458cdca6e56c83cdbcabd93e4abe1e53591d948", size = 11445993, upload-time = "2026-08-13T15:17:08.353Z" },
    { url = "https://files.pythonhosted.org/packages/69/3e/4132e539aed78c148854d4997a2685b0ed4dc4e87110b59ce528564e184e/ruff-0.16.3-py3-none-win_arm64.whl", hash = "sha256:b8ca152da82c1acc1fa8d5874b15951935f0eef46f10e6954c83859011b6178a", size = 11399302, upload-time = "2026-08-13T15:17:10.908Z" },
]

[[package]]
name = "ty"
version = "0.0.71"
source = { registry = "https://pypi.org/simple" }
sdist = { url = "https://files.pythonhosted.org/packages/dd/e2/f6e716371b5913a31190db1ad250ac2b5c68b3ca2db71afeba3f98f5fe50/ty-0.0.71.tar.gz", hash = "sha256:c2a24f2745294946c27cef8cc012b84fb2db5405ecefddbe845be4162833da01", size = 6624721, upload-time = "2026-08-13T00:39:31.035Z" }
wheels = [
    { url = "https://files.pythonhosted.org/packages/4a/e4/8d6d17827c5335d0efe54241fb54fed3cb6ca2d2eca62f3f2382be196b91/ty-0.0.71-py3-none-linux_armv6l.whl", hash = "sha256:a309c9a35e69f45d7053e9205c7fe2295fac09e07e3a2fdb791524f30440a9cc", size = 12576435, upload-time = "2026-08-13T00:38:50.617Z" },
    { url = "https://files.pythonhosted.org/packages/d5/cb/d4c48832ee3d162abc6c834ba62242ec27630cb93014a0e1be82e86c3ee3/ty-0.0.71-py3-none-macosx_10_12_x86_64.whl", hash = "sha256:2d42e9ae4b754ce1f34dd1b545f1cdcfc8e704d7460b584c898be156f048828f", size = 12177806, upload-time = "2026-08-13T00:38:53.068Z" },
    { url = "https://files.pythonhosted.org/packages/f0/97/e04782c9eaa1a0b634830f61b0e18cd1b3415332143d45a28882802c8ea1/ty-0.0.71-py3-none-macosx_11_0_arm64.whl", hash = "sha256:4d0b1f2002adc03f3a53aeb70b5cafcea634bb48726d82a307b0f15580d2f74b", size = 12015265, upload-time = "2026-08-13T00:38:55.209Z" },
    { url = "https://files.pythonhosted.org/packages/4f/5c/d716b9049c11a7b85b3b74ec3547d2dbab9a261347a6558420dcae37083d/ty-0.0.71-py3-none-manylinux_2_17_aarch64.manylinux2014_aarch64.whl", hash = "sha256:165e6086363f5c149ae4acacfbc36eea0093552a60f4153ef48321e4a3a15c4c", size = 12119608, upload-time = "2026-08-13T00:38:57.336Z" },
    { url = "https://files.pythonhosted.org/packages/b8/78/560ce2d874467d50605b7783e19e45b571fea7a89f664bd0ccdf252adf8a/ty-0.0.71-py3-none-manylinux_2_17_armv7l.manylinux2014_armv7l.whl", hash = "sha256:067e16f80855afbda024e7ff6fa5ed3ada5290c403badc63800f0534bd617c04", size = 12353762, upload-time = "2026-08-13T00:38:59.729Z" },
    { url = "https://files.pythonhosted.org/packages/a3/7b/f6a22c0bf2c0dbfe20b7ce90b51bc09efa9a9e245f1c35e160e39ed5dea9/ty-0.0.71-py3-none-manylinux_2_17_i686.manylinux2014_i686.whl", hash = "sha256:416149a550bcb678e619b4e2cd1cca9066d28edc52df76ad9d3640b36e6b5bf1", size = 13088120, upload-time = "2026-08-13T00:39:02.34Z" },
    { url = "https://files.pythonhosted.org/packages/a3/95/6f5382781f2e4fa933296d303376c61b8b3475d58ed60125c54de665fd21/ty-0.0.71-py3-none-manylinux_2_17_ppc64le.manylinux2014_ppc64le.whl", hash = "sha256:39e04c41e6d0e74f73cf8b3247d4dde3642ec38aeda7f4674110155b3da416a5", size = 13545140, upload-time = "2026-08-13T00:39:04.655Z" },
    { url = "https://files.pythonhosted.org/packages/6d/e7/8f0ad7b6c4804f8682e08fb161eaf710dd1765006b1b6df7c657b9707c95/ty-0.0.71-py3-none-manylinux_2_17_s390x.manylinux2014_s390x.whl", hash = "sha256:7fb696bdea4a3554a0d0a7bbb36e4c5f508acb2bbad435e91c7fc812c1de6bfb", size = 13266730, upload-time = "2026-08-13T00:39:06.858Z" },
    { url = "https://files.pythonhosted.org/packages/ac/06/b83158fdf1473c2486fba0de337a963e9cc21317ccaa3e54ab003d419737/ty-0.0.71-py3-none-manylinux_2_17_x86_64.manylinux2014_x86_64.whl", hash = "sha256:e3ec4ca9d4ba3e11ecc282c3d50d0730a2e181da7142734219d9f213fcbaaa00", size = 12673786, upload-time = "2026-08-13T00:39:09.281Z" },
    { url = "https://files.pythonhosted.org/packages/7c/9a/10f37c0550277722ac1d2c8096e492e0f3fc1aa2e587082439dd066fdb8d/ty-0.0.71-py3-none-manylinux_2_31_riscv64.whl", hash = "sha256:48a231253b32639ff4b19f74e476bacdba0150182603011d3792d1f1a335b932", size = 13140294, upload-time = "2026-08-13T00:39:11.659Z" },
    { url = "https://files.pythonhosted.org/packages/3b/e6/5710de1da7eb8aa755d289aa25316691e545b72b4ee2ab14172612eec1c9/ty-0.0.71-py3-none-musllinux_1_2_aarch64.whl", hash = "sha256:1a082f57d1fcbe209afdcacff37870defd4cea15ce69e2c6c652a9208462722f", size = 12171216, upload-time = "2026-08-13T00:39:14.382Z" },
    { url = "https://files.pythonhosted.org/packages/80/c5/8d9113e3cf0d4c6c0a9c9e088cee93e41facb278026bea6f6e12533b09dd/ty-0.0.71-py3-none-musllinux_1_2_armv7l.whl", hash = "sha256:cbe1c962f6c9e8964180cd171cc6ad35d687f74d51c07f60b670d3f1c5d58ffe", size = 12360626, upload-time = "2026-08-13T00:39:16.747Z" },
    { url = "https://files.pythonhosted.org/packages/7d/a0/0e167507c4c863814d3ea7602bde958baefd03346bd38bae3a430dff1ea9/ty-0.0.71-py3-none-musllinux_1_2_i686.whl", hash = "sha256:25f641b988916b3975e50b2a59cbc5179f2a466d181f207f3032e1e6bc617a88", size = 12637309, upload-time = "2026-08-13T00:39:19.14Z" },
    { url = "https://files.pythonhosted.org/packages/1d/c6/ff6719b91e4916985e9a92f9bddb10d9fe3cb3bdf5abf0f9019a67aebe21/ty-0.0.71-py3-none-musllinux_1_2_x86_64.whl", hash = "sha256:c5fe916b6e5b152ef4f583324e1efd770ac3316894776dc1b57c354cb767b8ee", size = 12937996, upload-time = "2026-08-13T00:39:21.533Z" },
    { url = "https://files.pythonhosted.org/packages/ee/3e/21a0873da8f1ece28e166fbbaf696cd48c55fd7cd203dba0266a1fe05ceb/ty-0.0.71-py3-none-win32.whl", hash = "sha256:a273fe0dcc453e94cf2e1955076efec8b739e6e1a890862de29d3c5a1c9ddaff", size = 11953321, upload-time = "2026-08-13T00:39:23.804Z" },
    { url = "https://files.pythonhosted.org/packages/69/fa/ce6614c748f7abfc546d12983d4bad1085116b6458b8c84d9372eb713f08/ty-0.0.71-py3-none-win_amd64.whl", hash = "sha256:65f5f980551ed79f68a0f6c0f2fb71b39a8d54ed0625d2529b01f6c919db72c5", size = 12570891, upload-time = "2026-08-13T00:39:26.346Z" },
    { url = "https://files.pythonhosted.org/packages/77/7f/0fb022535c66fd96e7dd2a1f9c14e3a0e39544a4c3f35a451e8835562730/ty-0.0.71-py3-none-win_arm64.whl", hash = "sha256:6d5552078b9934d359bd5f381dbcb160f1fc5addfca59a960021adca38a73741", size = 12338716, upload-time = "2026-08-13T00:39:28.987Z" },
]

[[package]]
name = "virtualenv"
version = "20.31.2"
source = { registry = "https://pypi.org/simple" }
dependencies = [
    { name = "distlib" },
    { name = "filelock" },
    { name = "platformdirs" },
]
sdist = { url = "https://files.pythonhosted.org/packages/56/2c/444f465fb2c65f40c3a104fd0c495184c4f2336d65baf398e3c75d72ea94/virtualenv-20.31.2.tar.gz", hash = "sha256:e10c0a9d02835e592521be48b332b6caee6887f332c111aa79a09b9e79efc2af", size = 6076316, upload-time = "2025-05-08T17:58:23.811Z" }
wheels = [
    { url = "https://files.pythonhosted.org/packages/f3/40/b1c265d4b2b62b58576588510fc4d1fe60a86319c8de99fd8e9fec617d2c/virtualenv-20.31.2-py3-none-any.whl", hash = "sha256:36efd0d9650ee985f0cad72065001e66d49a6f24eb44d98980f630686243cf11", size = 6057982, upload-time = "2025-05-08T17:58:21.15Z" },
]
